
Microsoft Visual Studio Solution File, Format Version 12.00
# Visual Studio Version 16
VisualStudioVersion = 16.0.31129.286
MinimumVisualStudioVersion = 10.0.40219.1
Project("{FAE04EC0-301F-11D3-BF4B-00C04F79EFBC}") = "Avanade.SubTCSE.Projeto.Api", "Avanade.SubTCSE.Projeto.Api\Avanade.SubTCSE.Projeto.Api.csproj", "{37795030-9025-4B32-85B9-21358789B356}"
EndProject
Global
	GlobalSection(SolutionConfigurationPlatforms) = preSolution
		Debug|Any CPU = Debug|Any CPU
		Release|Any CPU = Release|Any CPU
	EndGlobalSection
	GlobalSection(ProjectConfigurationPlatforms) = postSolution
		{37795030-9025-4B32-85B9-21358789B356}.Debug|Any CPU.ActiveCfg = Debug|Any CPU
		{37795030-9025-4B32-85B9-21358789B356}.Debug|Any CPU.Build.0 = Debug|Any CPU
		{37795030-9025-4B32-85B9-21358789B356}.Release|Any CPU.ActiveCfg = Release|Any CPU
		{37795030-9025-4B32-85B9-21358789B356}.Release|Any CPU.Build.0 = Release|Any CPU
	EndGlobalSection
	GlobalSection(SolutionProperties) = preSolution
		HideSolutionNode = FALSE
	EndGlobalSection
	GlobalSection(ExtensibilityGlobals) = postSolution
		SolutionGuid = {FF51C45F-0F43-435E-8B04-C5747EF36A6F}
	EndGlobalSection
EndGlobal
